
Microsoft Visual Studio Solution File, Format Version 12.00
# Visual Studio Version 17
VisualStudioVersion = 17.0.32014.148
MinimumVisualStudioVersion = 10.0.40219.1
Project("{FAE04EC0-301F-11D3-BF4B-00C04F79EFBC}") = "MISA.Fresher.web11", "MISA.Fresher.web11\MISA.Fresher.web11.csproj", "{EABC4129-1468-4563-A659-9AF742AB1262}"
EndProject
Global
	GlobalSection(SolutionConfigurationPlatforms) = preSolution
		Debug|Any CPU = Debug|Any CPU
		Release|Any CPU = Release|Any CPU
	EndGlobalSection
	GlobalSection(ProjectConfigurationPlatforms) = postSolution
		{EABC4129-1468-4563-A659-9AF742AB1262}.Debug|Any CPU.ActiveCfg = Debug|Any CPU
		{EABC4129-1468-4563-A659-9AF742AB1262}.Debug|Any CPU.Build.0 = Debug|Any CPU
		{EABC4129-1468-4563-A659-9AF742AB1262}.Release|Any CPU.ActiveCfg = Release|Any CPU
		{EABC4129-1468-4563-A659-9AF742AB1262}.Release|Any CPU.Build.0 = Release|Any CPU
	EndGlobalSection
	GlobalSection(SolutionProperties) = preSolution
		HideSolutionNode = FALSE
	EndGlobalSection
	GlobalSection(ExtensibilityGlobals) = postSolution
		SolutionGuid = {1BC0535C-4E6C-4739-A528-DA3C740BF0CF}
	EndGlobalSection
EndGlobal
